#MicroXplorer Configuration settings - do not modify
ADC1.Channel-10\#ChannelRegularConversion=ADC_CHANNEL_8
ADC1.Channel-11\#ChannelRegularConversion=ADC_CHANNEL_9
ADC1.Channel-4\#ChannelRegularConversion=ADC_CHANNEL_2
ADC1.Channel-5\#ChannelRegularConversion=ADC_CHANNEL_3
ADC1.Channel-6\#ChannelRegularConversion=ADC_CHANNEL_4
ADC1.Channel-7\#ChannelRegularConversion=ADC_CHANNEL_5
ADC1.Channel-8\#ChannelRegularConversion=ADC_CHANNEL_6
ADC1.Channel-9\#ChannelRegularConversion=ADC_CHANNEL_7
ADC1.ContinuousConvMode=DISABLE
ADC1.DiscontinuousConvMode=ENABLE
ADC1.IPParameters=master,NbrOfConversionFlag,Channel-4\#ChannelRegularConversion,ContinuousConvMode,NbrOfConversion,ScanConvMode,DiscontinuousConvMode,InjNumberOfConversion,Rank-5\#ChannelRegularConversion,Channel-5\#ChannelRegularConversion,SamplingTime-5\#ChannelRegularConversion,Rank-6\#ChannelRegularConversion,Channel-6\#ChannelRegularConversion,SamplingTime-6\#ChannelRegularConversion,Rank-7\#ChannelRegularConversion,Channel-7\#ChannelRegularConversion,SamplingTime-7\#ChannelRegularConversion,Rank-8\#ChannelRegularConversion,Channel-8\#ChannelRegularConversion,SamplingTime-8\#ChannelRegularConversion,Rank-9\#ChannelRegularConversion,Channel-9\#ChannelRegularConversion,SamplingTime-9\#ChannelRegularConversion,Rank-10\#ChannelRegularConversion,Channel-10\#ChannelRegularConversion,SamplingTime-10\#ChannelRegularConversion,Rank-11\#ChannelRegularConversion,Channel-11\#ChannelRegularConversion,SamplingTime-11\#ChannelRegularConversion,SamplingTime-4\#ChannelRegularConversion
ADC1.InjNumberOfConversion=0
ADC1.NbrOfConversion=8
ADC1.NbrOfConversionFlag=1
ADC1.Rank-10\#ChannelRegularConversion=7
ADC1.Rank-11\#ChannelRegularConversion=8
ADC1.Rank-5\#ChannelRegularConversion=2
ADC1.Rank-6\#ChannelRegularConversion=3
ADC1.Rank-7\#ChannelRegularConversion=4
ADC1.Rank-8\#ChannelRegularConversion=5
ADC1.Rank-9\#ChannelRegularConversion=6
ADC1.SamplingTime-10\#ChannelRegularConversion=ADC_SAMPLETIME_15CYCLES
ADC1.SamplingTime-11\#ChannelRegularConversion=ADC_SAMPLETIME_15CYCLES
ADC1.SamplingTime-4\#ChannelRegularConversion=ADC_SAMPLETIME_15CYCLES
ADC1.SamplingTime-5\#ChannelRegularConversion=ADC_SAMPLETIME_15CYCLES
ADC1.SamplingTime-6\#ChannelRegularConversion=ADC_SAMPLETIME_15CYCLES
ADC1.SamplingTime-7\#ChannelRegularConversion=ADC_SAMPLETIME_15CYCLES
ADC1.SamplingTime-8\#ChannelRegularConversion=ADC_SAMPLETIME_15CYCLES
ADC1.SamplingTime-9\#ChannelRegularConversion=ADC_SAMPLETIME_15CYCLES
ADC1.ScanConvMode=ENABLE
ADC1.master=1
CAN1.CalculateTimeQuantum=444.44444444444446
CAN1.IPParameters=CalculateTimeQuantum
Dma.MEMTOMEM.0.Direction=DMA_MEMORY_TO_MEMORY
Dma.MEMTOMEM.0.FIFOMode=DMA_FIFOMODE_ENABLE
Dma.MEMTOMEM.0.FIFOThreshold=DMA_FIFO_THRESHOLD_FULL
Dma.MEMTOMEM.0.Instance=DMA2_Stream0
Dma.MEMTOMEM.0.MemBurst=DMA_MBURST_INC8
Dma.MEMTOMEM.0.MemDataAlignment=DMA_MDATAALIGN_HALFWORD
Dma.MEMTOMEM.0.MemInc=DMA_MINC_ENABLE
Dma.MEMTOMEM.0.Mode=DMA_NORMAL
Dma.MEMTOMEM.0.PeriphBurst=DMA_PBURST_INC8
Dma.MEMTOMEM.0.PeriphDataAlignment=DMA_PDATAALIGN_HALFWORD
Dma.MEMTOMEM.0.PeriphInc=DMA_PINC_ENABLE
Dma.MEMTOMEM.0.Priority=DMA_PRIORITY_HIGH
Dma.MEMTOMEM.0.RequestParameters=Instance,Direction,PeriphInc,MemInc,PeriphDataAlignment,MemDataAlignment,Mode,Priority,FIFOMode,FIFOThreshold,MemBurst,PeriphBurst
Dma.Request0=MEMTOMEM
Dma.RequestsNb=1
FMC.BusTurnAroundDuration1=0
FMC.CLKDivision1=2
FMC.IPParameters=WriteOperation1,BusTurnAroundDuration1,CLKDivision1
FMC.WriteOperation1=FMC_WRITE_OPERATION_ENABLE
File.Version=6
GPIO.groupedBy=Group By Peripherals
KeepUserPlacement=false
Mcu.Family=STM32F4
Mcu.IP0=ADC1
Mcu.IP1=CAN1
Mcu.IP10=TIM6
Mcu.IP11=TIM7
Mcu.IP12=TIM9
Mcu.IP13=UART4
Mcu.IP14=UART5
Mcu.IP15=USART1
Mcu.IP2=DMA
Mcu.IP3=FMC
Mcu.IP4=I2C1
Mcu.IP5=NVIC
Mcu.IP6=RCC
Mcu.IP7=SPI1
Mcu.IP8=SYS
Mcu.IP9=TIM3
Mcu.IPNb=16
Mcu.Name=STM32F446V(C-E)Tx
Mcu.Package=LQFP100
Mcu.Pin0=PE2
Mcu.Pin1=PE3
Mcu.Pin10=PC0
Mcu.Pin11=PC1
Mcu.Pin12=PC2
Mcu.Pin13=PC3
Mcu.Pin14=PA0-WKUP
Mcu.Pin15=PA1
Mcu.Pin16=PA2
Mcu.Pin17=PA3
Mcu.Pin18=PA4
Mcu.Pin19=PA5
Mcu.Pin2=PE4
Mcu.Pin20=PA6
Mcu.Pin21=PA7
Mcu.Pin22=PC4
Mcu.Pin23=PC5
Mcu.Pin24=PB0
Mcu.Pin25=PB1
Mcu.Pin26=PE7
Mcu.Pin27=PE8
Mcu.Pin28=PE9
Mcu.Pin29=PE10
Mcu.Pin3=PE5
Mcu.Pin30=PE11
Mcu.Pin31=PE12
Mcu.Pin32=PE13
Mcu.Pin33=PE14
Mcu.Pin34=PE15
Mcu.Pin35=PB10
Mcu.Pin36=PB12
Mcu.Pin37=PB13
Mcu.Pin38=PB14
Mcu.Pin39=PB15
Mcu.Pin4=PE6
Mcu.Pin40=PD8
Mcu.Pin41=PD9
Mcu.Pin42=PD10
Mcu.Pin43=PD11
Mcu.Pin44=PD12
Mcu.Pin45=PD13
Mcu.Pin46=PD14
Mcu.Pin47=PD15
Mcu.Pin48=PC6
Mcu.Pin49=PC7
Mcu.Pin5=PC13
Mcu.Pin50=PC8
Mcu.Pin51=PC9
Mcu.Pin52=PA8
Mcu.Pin53=PA9
Mcu.Pin54=PA10
Mcu.Pin55=PA11
Mcu.Pin56=PA12
Mcu.Pin57=PA13
Mcu.Pin58=PA14
Mcu.Pin59=PA15
Mcu.Pin6=PC14-OSC32_IN
Mcu.Pin60=PC10
Mcu.Pin61=PC11
Mcu.Pin62=PC12
Mcu.Pin63=PD0
Mcu.Pin64=PD1
Mcu.Pin65=PD2
Mcu.Pin66=PD3
Mcu.Pin67=PD4
Mcu.Pin68=PD5
Mcu.Pin69=PD6
Mcu.Pin7=PC15-OSC32_OUT
Mcu.Pin70=PD7
Mcu.Pin71=PB3
Mcu.Pin72=PB4
Mcu.Pin73=PB5
Mcu.Pin74=PB6
Mcu.Pin75=PB7
Mcu.Pin76=PB8
Mcu.Pin77=PB9
Mcu.Pin78=PE0
Mcu.Pin79=PE1
Mcu.Pin8=PH0-OSC_IN
Mcu.Pin80=VP_SYS_VS_Systick
Mcu.Pin81=VP_TIM6_VS_ClockSourceINT
Mcu.Pin82=VP_TIM7_VS_ClockSourceINT
Mcu.Pin9=PH1-OSC_OUT
Mcu.PinsNb=83
Mcu.ThirdPartyNb=0
Mcu.UserConstants=
Mcu.UserName=STM32F446VETx
MxCube.Version=6.0.1
MxDb.Version=DB.6.0.0
NVIC.BusFault_IRQn=true\:0\:0\:false\:false\:true\:false\:false
NVIC.DebugMonitor_IRQn=true\:0\:0\:false\:false\:true\:false\:false
NVIC.EXTI15_10_IRQn=true\:1\:0\:true\:false\:true\:true\:true
NVIC.ForceEnableDMAVector=true
NVIC.HardFault_IRQn=true\:0\:0\:false\:false\:true\:false\:false
NVIC.I2C1_ER_IRQn=true\:0\:0\:false\:false\:true\:true\:true
NVIC.I2C1_EV_IRQn=true\:0\:0\:false\:false\:true\:true\:true
NVIC.MemoryManagement_IRQn=true\:0\:0\:false\:false\:true\:false\:false
NVIC.NonMaskableInt_IRQn=true\:0\:0\:false\:false\:true\:false\:false
NVIC.PendSV_IRQn=true\:0\:0\:false\:false\:true\:false\:false
NVIC.PriorityGroup=NVIC_PRIORITYGROUP_4
NVIC.SVCall_IRQn=true\:0\:0\:false\:false\:true\:false\:false
NVIC.SysTick_IRQn=true\:0\:0\:false\:false\:true\:false\:true
NVIC.TIM1_BRK_TIM9_IRQn=true\:6\:0\:true\:false\:true\:true\:true
NVIC.TIM3_IRQn=true\:2\:0\:true\:false\:true\:true\:true
NVIC.TIM6_DAC_IRQn=true\:4\:0\:true\:false\:true\:true\:true
NVIC.TIM7_IRQn=true\:3\:0\:true\:false\:true\:true\:true
NVIC.UART4_IRQn=true\:1\:0\:true\:false\:true\:true\:true
NVIC.UART5_IRQn=true\:0\:0\:true\:false\:true\:true\:true
NVIC.USART1_IRQn=true\:5\:0\:true\:false\:true\:true\:true
NVIC.UsageFault_IRQn=true\:0\:0\:false\:false\:true\:false\:false
PA0-WKUP.GPIOParameters=GPIO_Label
PA0-WKUP.GPIO_Label=UART4_TX
PA0-WKUP.Locked=true
PA0-WKUP.Mode=Asynchronous
PA0-WKUP.Signal=UART4_TX
PA1.GPIOParameters=GPIO_Label
PA1.GPIO_Label=UART4_RX
PA1.Locked=true
PA1.Mode=Asynchronous
PA1.Signal=UART4_RX
PA10.GPIOParameters=GPIO_ModeDefaultPP,GPIO_Speed,GPIO_PuPd
PA10.GPIO_ModeDefaultPP=GPIO_MODE_AF_PP
PA10.GPIO_PuPd=GPIO_NOPULL
PA10.GPIO_Speed=GPIO_SPEED_FREQ_VERY_HIGH
PA10.Mode=Asynchronous
PA10.Signal=USART1_RX
PA11.Mode=Master
PA11.Signal=CAN1_RX
PA12.Mode=Master
PA12.Signal=CAN1_TX
PA13.GPIOParameters=GPIO_Speed,PinState,GPIO_PuPd,GPIO_Label,GPIO_ModeDefaultOutputPP
PA13.GPIO_Label=MCU_SWDIO
PA13.GPIO_ModeDefaultOutputPP=GPIO_MODE_OUTPUT_PP
PA13.GPIO_PuPd=GPIO_NOPULL
PA13.GPIO_Speed=GPIO_SPEED_FREQ_LOW
PA13.Locked=true
PA13.PinState=GPIO_PIN_RESET
PA13.Signal=GPIO_Output
PA14.GPIOParameters=GPIO_Speed,PinState,GPIO_PuPd,GPIO_Label,GPIO_ModeDefaultOutputPP
PA14.GPIO_Label=MCU_SWDCK
PA14.GPIO_ModeDefaultOutputPP=GPIO_MODE_OUTPUT_PP
PA14.GPIO_PuPd=GPIO_NOPULL
PA14.GPIO_Speed=GPIO_SPEED_FREQ_LOW
PA14.Locked=true
PA14.PinState=GPIO_PIN_RESET
PA14.Signal=GPIO_Output
PA15.GPIOParameters=GPIO_Speed,PinState,GPIO_PuPd,GPIO_Label,GPIO_ModeDefaultOutputPP
PA15.GPIO_Label=FLASH_nRESET
PA15.GPIO_ModeDefaultOutputPP=GPIO_MODE_OUTPUT_PP
PA15.GPIO_PuPd=GPIO_NOPULL
PA15.GPIO_Speed=GPIO_SPEED_FREQ_LOW
PA15.Locked=true
PA15.PinState=GPIO_PIN_RESET
PA15.Signal=GPIO_Output
PA2.Signal=ADCx_IN2
PA3.Signal=ADCx_IN3
PA4.Signal=ADCx_IN4
PA5.Signal=ADCx_IN5
PA6.Signal=ADCx_IN6
PA7.Signal=ADCx_IN7
PA8.GPIOParameters=GPIO_Speed,PinState,GPIO_PuPd,GPIO_Label,GPIO_ModeDefaultOutputPP
PA8.GPIO_Label=CAN_S
PA8.GPIO_ModeDefaultOutputPP=GPIO_MODE_OUTPUT_PP
PA8.GPIO_PuPd=GPIO_NOPULL
PA8.GPIO_Speed=GPIO_SPEED_FREQ_LOW
PA8.Locked=true
PA8.PinState=GPIO_PIN_RESET
PA8.Signal=GPIO_Output
PA9.Mode=Asynchronous
PA9.Signal=USART1_TX
PB0.Signal=ADCx_IN8
PB1.Signal=ADCx_IN9
PB10.GPIOParameters=GPIO_Label
PB10.GPIO_Label=Key_HOME
PB10.Locked=true
PB10.Signal=GPXTI10
PB12.GPIOParameters=GPIO_Label
PB12.GPIO_Label=Key_CANCEL
PB12.Locked=true
PB12.Signal=GPXTI12
PB13.GPIOParameters=GPIO_Speed,PinState,GPIO_PuPd,GPIO_Label,GPIO_ModeDefaultOutputPP
PB13.GPIO_Label=FPGA_nRST
PB13.GPIO_ModeDefaultOutputPP=GPIO_MODE_OUTPUT_PP
PB13.GPIO_PuPd=GPIO_NOPULL
PB13.GPIO_Speed=GPIO_SPEED_FREQ_LOW
PB13.Locked=true
PB13.PinState=GPIO_PIN_RESET
PB13.Signal=GPIO_Output
PB14.GPIOParameters=GPIO_Label
PB14.GPIO_Label=LED_5
PB14.Locked=true
PB14.Signal=GPIO_Output
PB15.GPIOParameters=GPIO_Label
PB15.GPIO_Label=Screen_Busy
PB15.Locked=true
PB15.Signal=GPIO_Input
PB3.Locked=true
PB3.Mode=Full_Duplex_Master
PB3.Signal=SPI1_SCK
PB4.Locked=true
PB4.Mode=Full_Duplex_Master
PB4.Signal=SPI1_MISO
PB5.Locked=true
PB5.Mode=Full_Duplex_Master
PB5.Signal=SPI1_MOSI
PB6.Mode=I2C
PB6.Signal=I2C1_SCL
PB7.Signal=FMC_NL
PB8.GPIOParameters=GPIO_Speed,PinState,GPIO_PuPd,GPIO_Label,GPIO_ModeDefaultOutputPP
PB8.GPIO_Label=nINT
PB8.GPIO_ModeDefaultOutputPP=GPIO_MODE_OUTPUT_PP
PB8.GPIO_PuPd=GPIO_NOPULL
PB8.GPIO_Speed=GPIO_SPEED_FREQ_LOW
PB8.Locked=true
PB8.PinState=GPIO_PIN_RESET
PB8.Signal=GPIO_Output
PB9.Mode=I2C
PB9.Signal=I2C1_SDA
PC0.GPIOParameters=GPIO_Label
PC0.GPIO_Label=Key_R3
PC0.Locked=true
PC0.Signal=GPIO_Input
PC1.GPIOParameters=GPIO_Label
PC1.GPIO_Label=Key_R2
PC1.Locked=true
PC1.Signal=GPIO_Input
PC10.GPIOParameters=GPIO_Speed,PinState,GPIO_PuPd,GPIO_Label,GPIO_ModeDefaultOutputPP
PC10.GPIO_Label=FLASH_WP
PC10.GPIO_ModeDefaultOutputPP=GPIO_MODE_OUTPUT_PP
PC10.GPIO_PuPd=GPIO_NOPULL
PC10.GPIO_Speed=GPIO_SPEED_FREQ_LOW
PC10.Locked=true
PC10.PinState=GPIO_PIN_RESET
PC10.Signal=GPIO_Output
PC11.GPIOParameters=GPIO_Label
PC11.GPIO_Label=SPI_nCS
PC11.Locked=true
PC11.Signal=GPIO_Input
PC12.Mode=Asynchronous
PC12.Signal=UART5_TX
PC13.GPIOParameters=GPIO_Label
PC13.GPIO_Label=Key_Enc
PC13.Locked=true
PC13.Signal=GPIO_Output
PC14-OSC32_IN.Mode=LSE-External-Oscillator
PC14-OSC32_IN.Signal=RCC_OSC32_IN
PC15-OSC32_OUT.Mode=LSE-External-Oscillator
PC15-OSC32_OUT.Signal=RCC_OSC32_OUT
PC2.GPIOParameters=GPIO_Label
PC2.GPIO_Label=Key_R1
PC2.Locked=true
PC2.Signal=GPIO_Input
PC3.GPIOParameters=GPIO_Label
PC3.GPIO_Label=Key_R0
PC3.Locked=true
PC3.Signal=GPIO_Input
PC4.GPIOParameters=GPIO_Label,GPIO_ModeDefaultOutputPP
PC4.GPIO_Label=Key_C0
PC4.GPIO_ModeDefaultOutputPP=GPIO_MODE_OUTPUT_OD
PC4.Locked=true
PC4.Signal=GPIO_Output
PC5.GPIOParameters=GPIO_Label,GPIO_ModeDefaultOutputPP
PC5.GPIO_Label=Key_C1
PC5.GPIO_ModeDefaultOutputPP=GPIO_MODE_OUTPUT_OD
PC5.Locked=true
PC5.Signal=GPIO_Output
PC6.Locked=true
PC6.Signal=S_TIM3_CH1
PC7.Locked=true
PC7.Signal=S_TIM3_CH2
PC8.GPIOParameters=GPIO_Label
PC8.GPIO_Label=Key_C2
PC8.Locked=true
PC8.Signal=GPIO_Output
PC9.GPIOParameters=GPIO_Label
PC9.GPIO_Label=LED_1
PC9.Locked=true
PC9.Signal=GPIO_Output
PD0.Mode=16b-da1
PD0.Signal=FMC_DA2
PD1.Mode=16b-da1
PD1.Signal=FMC_DA3
PD10.Mode=16b-da1
PD10.Signal=FMC_DA15
PD11.GPIOParameters=GPIO_Label
PD11.GPIO_Label=LED_4
PD11.Locked=true
PD11.Signal=GPIO_Output
PD12.GPIOParameters=GPIO_Label
PD12.GPIO_Label=LED_3
PD12.Locked=true
PD12.Signal=GPIO_Output
PD13.GPIOParameters=GPIO_Label
PD13.GPIO_Label=LED_2
PD13.Locked=true
PD13.Signal=GPIO_Output
PD14.Mode=16b-da1
PD14.Signal=FMC_DA0
PD15.Mode=16b-da1
PD15.Signal=FMC_DA1
PD2.Mode=Asynchronous
PD2.Signal=UART5_RX
PD3.Mode=BurstReadWrite1
PD3.Signal=FMC_CLK
PD4.Mode=MuxedPsram1
PD4.Signal=FMC_NOE
PD5.Mode=MuxedPsram1
PD5.Signal=FMC_NWE
PD6.GPIOParameters=GPIO_Speed,PinState,GPIO_PuPd,GPIO_Label,GPIO_ModeDefaultOutputPP
PD6.GPIO_Label=HV_Power_nEN
PD6.GPIO_ModeDefaultOutputPP=GPIO_MODE_OUTPUT_PP
PD6.GPIO_PuPd=GPIO_PULLUP
PD6.GPIO_Speed=GPIO_SPEED_FREQ_LOW
PD6.Locked=true
PD6.PinState=GPIO_PIN_RESET
PD6.Signal=GPIO_Output
PD7.Mode=NorPsramChipSelect1_1
PD7.Signal=FMC_NE1
PD8.Mode=16b-da1
PD8.Signal=FMC_DA13
PD9.Mode=16b-da1
PD9.Signal=FMC_DA14
PE0.GPIOParameters=GPIO_Speed,PinState,GPIO_PuPd,GPIO_Label,GPIO_ModeDefaultOutputPP
PE0.GPIO_Label=nEMG_Status
PE0.GPIO_ModeDefaultOutputPP=GPIO_MODE_OUTPUT_PP
PE0.GPIO_PuPd=GPIO_NOPULL
PE0.GPIO_Speed=GPIO_SPEED_FREQ_LOW
PE0.Locked=true
PE0.PinState=GPIO_PIN_RESET
PE0.Signal=GPIO_Output
PE1.GPIOParameters=GPIO_Speed,PinState,GPIO_PuPd,GPIO_Label,GPIO_ModeDefaultOutputPP
PE1.GPIO_Label=nQON
PE1.GPIO_ModeDefaultOutputPP=GPIO_MODE_OUTPUT_PP
PE1.GPIO_PuPd=GPIO_NOPULL
PE1.GPIO_Speed=GPIO_SPEED_FREQ_LOW
PE1.Locked=true
PE1.PinState=GPIO_PIN_RESET
PE1.Signal=GPIO_Output
PE10.Mode=16b-da1
PE10.Signal=FMC_DA7
PE11.Mode=16b-da1
PE11.Signal=FMC_DA8
PE12.Mode=16b-da1
PE12.Signal=FMC_DA9
PE13.Mode=16b-da1
PE13.Signal=FMC_DA10
PE14.Mode=16b-da1
PE14.Signal=FMC_DA11
PE15.Mode=16b-da1
PE15.Signal=FMC_DA12
PE2.GPIOParameters=GPIO_Speed,PinState,GPIO_PuPd,GPIO_Label,GPIO_ModeDefaultOutputPP
PE2.GPIO_Label=FAN_EN
PE2.GPIO_ModeDefaultOutputPP=GPIO_MODE_OUTPUT_PP
PE2.GPIO_PuPd=GPIO_PULLUP
PE2.GPIO_Speed=GPIO_SPEED_FREQ_LOW
PE2.Locked=true
PE2.PinState=GPIO_PIN_RESET
PE2.Signal=GPIO_Output
PE3.GPIOParameters=GPIO_Speed,PinState,GPIO_PuPd,GPIO_Label,GPIO_ModeDefaultOutputPP
PE3.GPIO_Label=ESP32_nEN
PE3.GPIO_ModeDefaultOutputPP=GPIO_MODE_OUTPUT_PP
PE3.GPIO_PuPd=GPIO_NOPULL
PE3.GPIO_Speed=GPIO_SPEED_FREQ_LOW
PE3.Locked=true
PE3.PinState=GPIO_PIN_RESET
PE3.Signal=GPIO_Output
PE4.GPIOParameters=GPIO_Label
PE4.GPIO_Label=Insert
PE4.Locked=true
PE4.Signal=GPIO_Output
PE5.GPIOParameters=GPIO_Label
PE5.GPIO_Label=TIM9_CH1
PE5.Locked=true
PE5.Signal=S_TIM9_CH1
PE6.Signal=S_TIM9_CH2
PE7.Mode=16b-da1
PE7.Signal=FMC_DA4
PE8.Mode=16b-da1
PE8.Signal=FMC_DA5
PE9.Mode=16b-da1
PE9.Signal=FMC_DA6
PH0-OSC_IN.Mode=HSE-External-Oscillator
PH0-OSC_IN.Signal=RCC_OSC_IN
PH1-OSC_OUT.Mode=HSE-External-Oscillator
PH1-OSC_OUT.Signal=RCC_OSC_OUT
PinOutPanel.RotationAngle=0
ProjectManager.AskForMigrate=true
ProjectManager.BackupPrevious=false
ProjectManager.CompilerOptimize=6
ProjectManager.ComputerToolchain=false
ProjectManager.CoupleFile=true
ProjectManager.CustomerFirmwarePackage=
ProjectManager.DefaultFWLocation=true
ProjectManager.DeletePrevious=true
ProjectManager.DeviceId=STM32F446VETx
ProjectManager.FirmwarePackage=STM32Cube FW_F4 V1.25.1
ProjectManager.FreePins=false
ProjectManager.HalAssertFull=false
ProjectManager.HeapSize=0x200
ProjectManager.KeepUserCode=true
ProjectManager.LastFirmware=true
ProjectManager.LibraryCopy=0
ProjectManager.MainLocation=Src
ProjectManager.NoMain=false
ProjectManager.PreviousToolchain=
ProjectManager.ProjectBuild=false
ProjectManager.ProjectFileName=STM32F446.ioc
ProjectManager.ProjectName=STM32F446
ProjectManager.RegisterCallBack=
ProjectManager.StackSize=0x400
ProjectManager.TargetToolchain=MDK-ARM V5
ProjectManager.ToolChainLocation=
ProjectManager.UnderRoot=false
ProjectManager.functionlistsort=1-MX_GPIO_Init-GPIO-false-LL-true,2-MX_DMA_Init-DMA-false-LL-true,3-SystemClock_Config-RCC-false-LL-false,4-MX_FMC_Init-FMC-false-HAL-true,5-MX_USART1_UART_Init-USART1-false-LL-true,6-MX_TIM7_Init-TIM7-false-LL-true,7-MX_CAN1_Init-CAN1-false-HAL-true,8-MX_UART5_Init-UART5-false-LL-true,9-MX_ADC1_Init-ADC1-false-HAL-true,10-MX_I2C1_Init-I2C1-false-HAL-true,11-MX_TIM3_Init-TIM3-false-LL-true,12-MX_TIM9_Init-TIM9-false-LL-true,13-MX_SPI1_Init-SPI1-false-HAL-true,14-MX_UART4_Init-UART4-false-LL-true,15-MX_TIM6_Init-TIM6-false-LL-true
RCC.AHBFreq_Value=72000000
RCC.APB1CLKDivider=RCC_HCLK_DIV2
RCC.APB1Freq_Value=36000000
RCC.APB1TimFreq_Value=72000000
RCC.APB2Freq_Value=72000000
RCC.APB2TimFreq_Value=72000000
RCC.CECFreq_Value=32786.88524590164
RCC.CortexFreq_Value=72000000
RCC.FCLKCortexFreq_Value=72000000
RCC.FMPI2C1Freq_Value=36000000
RCC.FamilyName=M
RCC.HCLKFreq_Value=72000000
RCC.HSE_VALUE=16000000
RCC.IPParameters=AHBFreq_Value,APB1CLKDivider,APB1Freq_Value,APB1TimFreq_Value,APB2Freq_Value,APB2TimFreq_Value,CECFreq_Value,CortexFreq_Value,FCLKCortexFreq_Value,FMPI2C1Freq_Value,FamilyName,HCLKFreq_Value,HSE_VALUE,MCO2PinFreq_Value,PLLCLKFreq_Value,PLLI2SPCLKFreq_Value,PLLI2SQCLKFreq_Value,PLLI2SRCLKFreq_Value,PLLN,PLLQCLKFreq_Value,PLLRCLKFreq_Value,PLLSAIPCLKFreq_Value,PLLSAIQCLKFreq_Value,PLLSourceVirtual,PWRFreq_Value,SAIAFreq_Value,SAIBFreq_Value,SDIOFreq_Value,SPDIFRXFreq_Value,SYSCLKFreq_VALUE,SYSCLKSource,USBFreq_Value,VCOI2SInputFreq_Value,VCOI2SOutputFreq_Value,VCOInputFreq_Value,VCOOutputFreq_Value,VCOSAIInputFreq_Value,VCOSAIOutputFreq_Value
RCC.MCO2PinFreq_Value=72000000
RCC.PLLCLKFreq_Value=72000000
RCC.PLLI2SPCLKFreq_Value=96000000
RCC.PLLI2SQCLKFreq_Value=96000000
RCC.PLLI2SRCLKFreq_Value=96000000
RCC.PLLN=144
RCC.PLLQCLKFreq_Value=72000000
RCC.PLLRCLKFreq_Value=72000000
RCC.PLLSAIPCLKFreq_Value=96000000
RCC.PLLSAIQCLKFreq_Value=96000000
RCC.PLLSourceVirtual=RCC_PLLSOURCE_HSE
RCC.PWRFreq_Value=72000000
RCC.SAIAFreq_Value=96000000
RCC.SAIBFreq_Value=96000000
RCC.SDIOFreq_Value=72000000
RCC.SPDIFRXFreq_Value=72000000
RCC.SYSCLKFreq_VALUE=72000000
RCC.SYSCLKSource=RCC_SYSCLKSOURCE_PLLCLK
RCC.USBFreq_Value=72000000
RCC.VCOI2SInputFreq_Value=1000000
RCC.VCOI2SOutputFreq_Value=192000000
RCC.VCOInputFreq_Value=1000000
RCC.VCOOutputFreq_Value=144000000
RCC.VCOSAIInputFreq_Value=1000000
RCC.VCOSAIOutputFreq_Value=192000000
SH.ADCx_IN2.0=ADC1_IN2,IN2
SH.ADCx_IN2.ConfNb=1
SH.ADCx_IN3.0=ADC1_IN3,IN3
SH.ADCx_IN3.ConfNb=1
SH.ADCx_IN4.0=ADC1_IN4,IN4
SH.ADCx_IN4.ConfNb=1
SH.ADCx_IN5.0=ADC1_IN5,IN5
SH.ADCx_IN5.ConfNb=1
SH.ADCx_IN6.0=ADC1_IN6,IN6
SH.ADCx_IN6.ConfNb=1
SH.ADCx_IN7.0=ADC1_IN7,IN7
SH.ADCx_IN7.ConfNb=1
SH.ADCx_IN8.0=ADC1_IN8,IN8
SH.ADCx_IN8.ConfNb=1
SH.ADCx_IN9.0=ADC1_IN9,IN9
SH.ADCx_IN9.ConfNb=1
SH.FMC_NL.0=FMC_NL,AddressValid1
SH.FMC_NL.ConfNb=1
SH.GPXTI10.0=GPIO_EXTI10
SH.GPXTI10.ConfNb=1
SH.GPXTI12.0=GPIO_EXTI12
SH.GPXTI12.ConfNb=1
SH.S_TIM3_CH1.0=TIM3_CH1,Input_Capture1_from_TI1
SH.S_TIM3_CH1.ConfNb=1
SH.S_TIM3_CH2.0=TIM3_CH2,Input_Capture2_from_TI2
SH.S_TIM3_CH2.ConfNb=1
SH.S_TIM9_CH1.0=TIM9_CH1,Input_Capture1_from_TI1
SH.S_TIM9_CH1.ConfNb=1
SH.S_TIM9_CH2.0=TIM9_CH2,Input_Capture2_from_TI2
SH.S_TIM9_CH2.ConfNb=1
SPI1.CalculateBaudRate=36.0 MBits/s
SPI1.Direction=SPI_DIRECTION_2LINES
SPI1.IPParameters=VirtualType,Mode,Direction,CalculateBaudRate
SPI1.Mode=SPI_MODE_MASTER
SPI1.VirtualType=VM_MASTER
TIM3.Channel-Input_Capture1_from_TI1=TIM_CHANNEL_1
TIM3.Channel-Input_Capture2_from_TI2=TIM_CHANNEL_2
TIM3.ICPolarity_CH1=TIM_INPUTCHANNELPOLARITY_RISING
TIM3.ICPolarity_CH2=TIM_INPUTCHANNELPOLARITY_RISING
TIM3.ICPrescaler-Input_Capture1_from_TI1=TIM_ICPSC_DIV1
TIM3.IPParameters=Channel-Input_Capture1_from_TI1,Channel-Input_Capture2_from_TI2,Prescaler,Period,ICPolarity_CH2,ICPolarity_CH1,ICPrescaler-Input_Capture1_from_TI1
TIM3.Period=1000
TIM3.Prescaler=720
TIM6.IPParameters=Prescaler,Period
TIM6.Period=7199
TIM6.Prescaler=4999
TIM7.IPParameters=Prescaler,Period
TIM7.Period=1000
TIM7.Prescaler=720
TIM9.Channel-Input_Capture1_from_TI1=TIM_CHANNEL_1
TIM9.Channel-Input_Capture2_from_TI2=TIM_CHANNEL_2
TIM9.IPParameters=Channel-Input_Capture1_from_TI1,Channel-Input_Capture2_from_TI2,Prescaler,Period
TIM9.Period=1000
TIM9.Prescaler=720
UART4.IPParameters=VirtualMode
UART4.VirtualMode=Asynchronous
UART5.IPParameters=VirtualMode
UART5.VirtualMode=Asynchronous
USART1.IPParameters=VirtualMode
USART1.VirtualMode=VM_ASYNC
VP_SYS_VS_Systick.Mode=SysTick
VP_SYS_VS_Systick.Signal=SYS_VS_Systick
VP_TIM6_VS_ClockSourceINT.Mode=Enable_Timer
VP_TIM6_VS_ClockSourceINT.Signal=TIM6_VS_ClockSourceINT
VP_TIM7_VS_ClockSourceINT.Mode=Enable_Timer
VP_TIM7_VS_ClockSourceINT.Signal=TIM7_VS_ClockSourceINT
board=custom
